// !$*UTF8*$!
{
	archiveVersion = 1;
	classes = {
	};
	objectVersion = 50;
	objects = {

/* Begin PBXContainerItemProxy section */
		22C0EAEB2424C92D00EB320A /* PBXContainerItemProxy */ = {
			isa = PBXContainerItemProxy;
			containerPortal = 22C0EAE72424C92C00EB320A /* L1_Lysakov.xcodeproj */;
			proxyType = 2;
			remoteGlobalIDString = 22C0EADD2424C92C00EB320A;
			remoteInfo = L1_Lysakov;
		};
		22C0EB042424C99700EB320A /* PBXContainerItemProxy */ = {
			isa = PBXContainerItemProxy;
			containerPortal = 22C0EB002424C99700EB320A /* L2_Lysakov.xcodeproj */;
			proxyType = 2;
			remoteGlobalIDString = 22C0EAF62424C99700EB320A;
			remoteInfo = L2_Lysakov;
		};
/* End PBXContainerItemProxy section */

/* Begin PBXCopyFilesBuildPhase section */
		22C0EAC82424C8CF00EB320A /* CopyFiles */ = {
			isa = PBXCopyFilesBuildPhase;
			buildActionMask = 2147483647;
			dstPath = /usr/share/man/man1/;
			dstSubfolderSpec = 0;
			files = (
			);
			runOnlyForDeploymentPostprocessing = 1;
		};
/* End PBXCopyFilesBuildPhase section */

/* Begin PBXFileReference section */
		22C0EACA2424C8CF00EB320A /* swift_base */ = {isa = PBXFileReference; explicitFileType = "compiled.mach-o.executable"; includeInIndex = 0; path = swift_base; sourceTree = BUILT_PRODUCTS_DIR; };
		22C0EAE72424C92C00EB320A /* L1_Lysakov.xcodeproj */ = {isa = PBXFileReference; lastKnownFileType = "wrapper.pb-project"; name = L1_Lysakov.xcodeproj; path = ../L1_Lysakov/L1_Lysakov.xcodeproj; sourceTree = "<group>"; };
		22C0EB002424C99700EB320A /* L2_Lysakov.xcodeproj */ = {isa = PBXFileReference; lastKnownFileType = "wrapper.pb-project"; name = L2_Lysakov.xcodeproj; path = ../L2_Lysakov/L2_Lysakov.xcodeproj; sourceTree = "<group>"; };
/* End PBXFileReference section */

/* Begin PBXFrameworksBuildPhase section */
		22C0EAC72424C8CF00EB320A /* Frameworks */ = {
			isa = PBXFrameworksBuildPhase;
			buildActionMask = 2147483647;
			files = (
			);
			runOnlyForDeploymentPostprocessing = 0;
		};
/* End PBXFrameworksBuildPhase section */

/* Begin PBXGroup section */
		22C0EAC12424C8CF00EB320A = {
			isa = PBXGroup;
			children = (
				22C0EB002424C99700EB320A /* L2_Lysakov.xcodeproj */,
				22C0EAE72424C92C00EB320A /* L1_Lysakov.xcodeproj */,
				22C0EACB2424C8CF00EB320A /* Products */,
			);
			sourceTree = "<group>";
		};
		22C0EACB2424C8CF00EB320A /* Products */ = {
			isa = PBXGroup;
			children = (
				22C0EACA2424C8CF00EB320A /* swift_base */,
			);
			name = Products;
			sourceTree = "<group>";
		};
		22C0EAE82424C92C00EB320A /* Products */ = {
			isa = PBXGroup;
			children = (
				22C0EAEC2424C92D00EB320A /* L1_Lysakov */,
			);
			name = Products;
			sourceTree = "<group>";
		};
		22C0EB012424C99700EB320A /* Products */ = {
			isa = PBXGroup;
			children = (
				22C0EB052424C99700EB320A /* L2_Lysakov */,
			);
			name = Products;
			sourceTree = "<group>";
		};
/* End PBXGroup section */

/* Begin PBXNativeTarget section */
		22C0EAC92424C8CF00EB320A /* swift_base */ = {
			isa = PBXNativeTarget;
			buildConfigurationList = 22C0EAD12424C8CF00EB320A /* Build configuration list for PBXNativeTarget "swift_base" */;
			buildPhases = (
				22C0EAC62424C8CF00EB320A /* Sources */,
				22C0EAC72424C8CF00EB320A /* Frameworks */,
				22C0EAC82424C8CF00EB320A /* CopyFiles */,
			);
			buildRules = (
			);
			dependencies = (
			);
			name = swift_base;
			productName = swift_base;
			productReference = 22C0EACA2424C8CF00EB320A /* swift_base */;
			productType = "com.apple.product-type.tool";
		};
/* End PBXNativeTarget section */

/* Begin PBXProject section */
		22C0EAC22424C8CF00EB320A /* Project object */ = {
			isa = PBXProject;
			attributes = {
				LastSwiftUpdateCheck = 1130;
				LastUpgradeCheck = 1130;
				ORGANIZATIONNAME = "Slava V. Lysakov";
				TargetAttributes = {
					22C0EAC92424C8CF00EB320A = {
						CreatedOnToolsVersion = 11.3.1;
					};
				};
			};
			buildConfigurationList = 22C0EAC52424C8CF00EB320A /* Build configuration list for PBXProject "swift_base" */;
			compatibilityVersion = "Xcode 9.3";
			developmentRegion = en;
			hasScannedForEncodings = 0;
			knownRegions = (
				en,
				Base,
			);
			mainGroup = 22C0EAC12424C8CF00EB320A;
			productRefGroup = 22C0EACB2424C8CF00EB320A /* Products */;
			projectDirPath = "";
			projectReferences = (
				{
					ProductGroup = 22C0EAE82424C92C00EB320A /* Products */;
					ProjectRef = 22C0EAE72424C92C00EB320A /* L1_Lysakov.xcodeproj */;
				},
				{
					ProductGroup = 22C0EB012424C99700EB320A /* Products */;
					ProjectRef = 22C0EB002424C99700EB320A /* L2_Lysakov.xcodeproj */;
				},
			);
			projectRoot = "";
			targets = (
				22C0EAC92424C8CF00EB320A /* swift_base */,
			);
		};
/* End PBXProject section */

/* Begin PBXReferenceProxy section */
		22C0EAEC2424C92D00EB320A /* L1_Lysakov */ = {
			isa = PBXReferenceProxy;
			fileType = "compiled.mach-o.executable";
			path = L1_Lysakov;
			remoteRef = 22C0EAEB2424C92D00EB320A /* PBXContainerItemProxy */;
			sourceTree = BUILT_PRODUCTS_DIR;
		};
		22C0EB052424C99700EB320A /* L2_Lysakov */ = {
			isa = PBXReferenceProxy;
			fileType = "compiled.mach-o.executable";
			path = L2_Lysakov;
			remoteRef = 22C0EB042424C99700EB320A /* PBXContainerItemProxy */;
			sourceTree = BUILT_PRODUCTS_DIR;
		};
/* End PBXReferenceProxy section */

/* Begin PBXSourcesBuildPhase section */
		22C0EAC62424C8CF00EB320A /* Sources */ = {
			isa = PBXSourcesBuildPhase;
			buildActionMask = 2147483647;
			files = (
			);
			runOnlyForDeploymentPostprocessing = 0;
		};
/* End PBXSourcesBuildPhase section */

/* Begin XCBuildConfiguration section */
		22C0EACF2424C8CF00EB320A /* Debug */ = {
			isa = XCBuildConfiguration;
			buildSettings = {
				ALWAYS_SEARCH_USER_PATHS = NO;
				CLANG_ANALYZER_NONNULL = YES;
				CLANG_ANALYZER_NUMBER_OBJECT_CONVERSION = YES_AGGRESSIVE;
				CLANG_CXX_LANGUAGE_STANDARD = "gnu++14";
				CLANG_CXX_LIBRARY = "libc++";
				CLANG_ENABLE_MODULES = YES;
				CLANG_ENABLE_OBJC_ARC = YES;
				CLANG_ENABLE_OBJC_WEAK = YES;
				CLANG_WARN_BLOCK_CAPTURE_AUTORELEASING = YES;
				CLANG_WARN_BOOL_CONVERSION = YES;
				CLANG_WARN_COMMA = YES;
				CLANG_WARN_CONSTANT_CONVERSION = YES;
				CLANG_WARN_DEPRECATED_OBJC_IMPLEMENTATIONS = YES;
				CLANG_WARN_DIRECT_OBJC_ISA_USAGE = YES_ERROR;
				CLANG_WARN_DOCUMENTATION_COMMENTS = YES;
				CLANG_WARN_EMPTY_BODY = YES;
				CLANG_WARN_ENUM_CONVERSION = YES;
				CLANG_WARN_INFINITE_RECURSION = YES;
				CLANG_WARN_INT_CONVERSION = YES;
				CLANG_WARN_NON_LITERAL_NULL_CONVERSION = YES;
				CLANG_WARN_OBJC_IMPLICIT_RETAIN_SELF = YES;
				CLANG_WARN_OBJC_LITERAL_CONVERSION = YES;
				CLANG_WARN_OBJC_ROOT_CLASS = YES_ERROR;
				CLANG_WARN_RANGE_LOOP_ANALYSIS = YES;
				CLANG_WARN_STRICT_PROTOTYPES = YES;
				CLANG_WARN_SUSPICIOUS_MOVE = YES;
				CLANG_WARN_UNGUARDED_AVAILABILITY = YES_AGGRESSIVE;
				CLANG_WARN_UNREACHABLE_CODE = YES;
				CLANG_WARN__DUPLICATE_METHOD_MATCH = YES;
				COPY_PHASE_STRIP = NO;
				DEBUG_INFORMATION_FORMAT = dwarf;
				ENABLE_STRICT_OBJC_MSGSEND = YES;
				ENABLE_TESTABILITY = YES;
				GCC_C_LANGUAGE_STANDARD = gnu11;
				GCC_DYNAMIC_NO_PIC = NO;
				GCC_NO_COMMON_BLOCKS = YES;
				GCC_OPTIMIZATION_LEVEL = 0;
				GCC_PREPROCESSOR_DEFINITIONS = (
					"DEBUG=1",
					"$(inherited)",
				);
				GCC_WARN_64_TO_32_BIT_CONVERSION = YES;
				GCC_WARN_ABOUT_RETURN_TYPE = YES_ERROR;
				GCC_WARN_UNDECLARED_SELECTOR = YES;
				GCC_WARN_UNINITIALIZED_AUTOS = YES_AGGRESSIVE;
				GCC_WARN_UNUSED_FUNCTION = YES;
				GCC_WARN_UNUSED_VARIABLE = YES;
				MACOSX_DEPLOYMENT_TARGET = 10.15;
				MTL_ENABLE_DEBUG_INFO = INCLUDE_SOURCE;
				MTL_FAST_MATH = YES;
				ONLY_ACTIVE_ARCH = YES;
				SDKROOT = macosx;
				SWIFT_ACTIVE_COMPILATION_CONDITIONS = DEBUG;
				SWIFT_OPTIMIZATION_LEVEL = "-Onone";
			};
			name = Debug;
		};
		22C0EAD02424C8CF00EB320A /* Release */ = {
			isa = XCBuildConfiguration;
			buildSettings = {
				ALWAYS_SEARCH_USER_PATHS = NO;
				CLANG_ANALYZER_NONNULL = YES;
				CLANG_ANALYZER_NUMBER_OBJECT_CONVERSION = YES_AGGRESSIVE;
				CLANG_CXX_LANGUAGE_STANDARD = "gnu++14";
				CLANG_CXX_LIBRARY = "libc++";
				CLANG_ENABLE_MODULES = YES;
				CLANG_ENABLE_OBJC_ARC = YES;
				CLANG_ENABLE_OBJC_WEAK = YES;
				CLANG_WARN_BLOCK_CAPTURE_AUTORELEASING = YES;
				CLANG_WARN_BOOL_CONVERSION = YES;
				CLANG_WARN_COMMA = YES;
				CLANG_WARN_CONSTANT_CONVERSION = YES;
				CLANG_WARN_DEPRECATED_OBJC_IMPLEMENTATIONS = YES;
				CLANG_WARN_DIRECT_OBJC_ISA_USAGE = YES_ERROR;
				CLANG_WARN_DOCUMENTATION_COMMENTS = YES;
				CLANG_WARN_EMPTY_BODY = YES;
				CLANG_WARN_ENUM_CONVERSION = YES;
				CLANG_WARN_INFINITE_RECURSION = YES;
				CLANG_WARN_INT_CONVERSION = YES;
				CLANG_WARN_NON_LITERAL_NULL_CONVERSION = YES;
				CLANG_WARN_OBJC_IMPLICIT_RETAIN_SELF = YES;
				CLANG_WARN_OBJC_LITERAL_CONVERSION = YES;
				CLANG_WARN_OBJC_ROOT_CLASS = YES_ERROR;
				CLANG_WARN_RANGE_LOOP_ANALYSIS = YES;
				CLANG_WARN_STRICT_PROTOTYPES = YES;
				CLANG_WARN_SUSPICIOUS_MOVE = YES;
				CLANG_WARN_UNGUARDED_AVAILABILITY = YES_AGGRESSIVE;
				CLANG_WARN_UNREACHABLE_CODE = YES;
				CLANG_WARN__DUPLICATE_METHOD_MATCH = YES;
				COPY_PHASE_STRIP = NO;
				DEBUG_INFORMATION_FORMAT = "dwarf-with-dsym";
				ENABLE_NS_ASSERTIONS = NO;
				ENABLE_STRICT_OBJC_MSGSEND = YES;
				GCC_C_LANGUAGE_STANDARD = gnu11;
				GCC_NO_COMMON_BLOCKS = YES;
				GCC_WARN_64_TO_32_BIT_CONVERSION = YES;
				GCC_WARN_ABOUT_RETURN_TYPE = YES_ERROR;
				GCC_WARN_UNDECLARED_SELECTOR = YES;
				GCC_WARN_UNINITIALIZED_AUTOS = YES_AGGRESSIVE;
				GCC_WARN_UNUSED_FUNCTION = YES;
				GCC_WARN_UNUSED_VARIABLE = YES;
				MACOSX_DEPLOYMENT_TARGET = 10.15;
				MTL_ENABLE_DEBUG_INFO = NO;
				MTL_FAST_MATH = YES;
				SDKROOT = macosx;
				SWIFT_COMPILATION_MODE = wholemodule;
				SWIFT_OPTIMIZATION_LEVEL = "-O";
			};
			name = Release;
		};
		22C0EAD22424C8CF00EB320A /* Debug */ = {
			isa = XCBuildConfiguration;
			buildSettings = {
				CODE_SIGN_STYLE = Automatic;
				PRODUCT_NAME = "$(TARGET_NAME)";
				SWIFT_VERSION = 5.0;
			};
			name = Debug;
		};
		22C0EAD32424C8CF00EB320A /* Release */ = {
			isa = XCBuildConfiguration;
			buildSettings = {
				CODE_SIGN_STYLE = Automatic;
				PRODUCT_NAME = "$(TARGET_NAME)";
				SWIFT_VERSION = 5.0;
			};
			name = Release;
		};
/* End XCBuildConfiguration section */

/* Begin XCConfigurationList section */
		22C0EAC52424C8CF00EB320A /* Build configuration list for PBXProject "swift_base" */ = {
			isa = XCConfigurationList;
			buildConfigurations = (
				22C0EACF2424C8CF00EB320A /* Debug */,
				22C0EAD02424C8CF00EB320A /* Release */,
			);
			defaultConfigurationIsVisible = 0;
			defaultConfigurationName = Release;
		};
		22C0EAD12424C8CF00EB320A /* Build configuration list for PBXNativeTarget "swift_base" */ = {
			isa = XCConfigurationList;
			buildConfigurations = (
				22C0EAD22424C8CF00EB320A /* Debug */,
				22C0EAD32424C8CF00EB320A /* Release */,
			);
			defaultConfigurationIsVisible = 0;
			defaultConfigurationName = Release;
		};
/* End XCConfigurationList section */
	};
	rootObject = 22C0EAC22424C8CF00EB320A /* Project object */;
}
