// !$*UTF8*$!
{
	archiveVersion = 1;
	classes = {
	};
	objectVersion = 46;
	objects = {

/* Begin PBXBuildFile section */
		7E8571805311DAD613B9097A /* truckCar.swift in Sources */ = {isa = PBXBuildFile; fileRef = 7E857DD89CA48F206CA7D840 /* truckCar.swift */; };
		7E857492F81FFB98BE50942A /* properties.swift in Sources */ = {isa = PBXBuildFile; fileRef = 7E857C581F9BAEE9260248D4 /* properties.swift */; };
		7E8576E52BC43902B1EAF858 /* SportCar.swift in Sources */ = {isa = PBXBuildFile; fileRef = 7E857B83E9E3F95F8FA06967 /* SportCar.swift */; };
		7E8578CDACD5F53D1E67036F /* Car.swift in Sources */ = {isa = PBXBuildFile; fileRef = 7E8575F8CEFA3320D44E9C4E /* Car.swift */; };
		7E857CFCB6EBCF84283A48E3 /* baseCar.swift in Sources */ = {isa = PBXBuildFile; fileRef = 7E857AFB167345844E77D6EA /* baseCar.swift */; };
		7E857D45819D2732D557AB3F /* main.swift in Sources */ = {isa = PBXBuildFile; fileRef = 7E85761744CBD1A3338F6F1A /* main.swift */; };
/* End PBXBuildFile section */

/* Begin PBXCopyFilesBuildPhase section */
		7E85754CC4D41725B37F11F2 /* CopyFiles */ = {
			isa = PBXCopyFilesBuildPhase;
			buildActionMask = 2147483647;
			dstPath = /usr/share/man/man1/;
			dstSubfolderSpec = 0;
			files = (
			);
			runOnlyForDeploymentPostprocessing = 1;
		};
/* End PBXCopyFilesBuildPhase section */

/* Begin PBXFileReference section */
		7E8573A581F7187233B731FE /* L4_Lysakov */ = {isa = PBXFileReference; explicitFileType = "compiled.mach-o.executable"; includeInIndex = 0; path = L4_Lysakov; sourceTree = BUILT_PRODUCTS_DIR; };
		7E8575F8CEFA3320D44E9C4E /* Car.swift */ = {isa = PBXFileReference; fileEncoding = 4; lastKnownFileType = sourcecode.swift; path = Car.swift; sourceTree = "<group>"; };
		7E85761744CBD1A3338F6F1A /* main.swift */ = {isa = PBXFileReference; lastKnownFileType = sourcecode.swift; path = main.swift; sourceTree = "<group>"; };
		7E857AFB167345844E77D6EA /* baseCar.swift */ = {isa = PBXFileReference; fileEncoding = 4; lastKnownFileType = sourcecode.swift; path = baseCar.swift; sourceTree = "<group>"; };
		7E857B83E9E3F95F8FA06967 /* SportCar.swift */ = {isa = PBXFileReference; fileEncoding = 4; lastKnownFileType = sourcecode.swift; path = SportCar.swift; sourceTree = "<group>"; };
		7E857C581F9BAEE9260248D4 /* properties.swift */ = {isa = PBXFileReference; fileEncoding = 4; lastKnownFileType = sourcecode.swift; path = properties.swift; sourceTree = "<group>"; };
		7E857DD89CA48F206CA7D840 /* truckCar.swift */ = {isa = PBXFileReference; fileEncoding = 4; lastKnownFileType = sourcecode.swift; path = truckCar.swift; sourceTree = "<group>"; };
/* End PBXFileReference section */

/* Begin PBXFrameworksBuildPhase section */
		7E8576F057995B77988A03D6 /* Frameworks */ = {
			isa = PBXFrameworksBuildPhase;
			buildActionMask = 2147483647;
			files = (
			);
			runOnlyForDeploymentPostprocessing = 0;
		};
/* End PBXFrameworksBuildPhase section */

/* Begin PBXGroup section */
		7E857235832C81D6A3B557EB = {
			isa = PBXGroup;
			children = (
				7E857E22D3C495093DAA79DA /* Products */,
				7E85741D0759BCA595E94023 /* L4_Lysakov */,
			);
			sourceTree = "<group>";
		};
		7E85741D0759BCA595E94023 /* L4_Lysakov */ = {
			isa = PBXGroup;
			children = (
				7E85761744CBD1A3338F6F1A /* main.swift */,
				7E857AFB167345844E77D6EA /* baseCar.swift */,
				7E8575F8CEFA3320D44E9C4E /* Car.swift */,
				7E857B83E9E3F95F8FA06967 /* SportCar.swift */,
				7E857DD89CA48F206CA7D840 /* truckCar.swift */,
				7E857C581F9BAEE9260248D4 /* properties.swift */,
			);
			path = L4_Lysakov;
			sourceTree = "<group>";
		};
		7E857E22D3C495093DAA79DA /* Products */ = {
			isa = PBXGroup;
			children = (
				7E8573A581F7187233B731FE /* L4_Lysakov */,
			);
			name = Products;
			sourceTree = "<group>";
		};
/* End PBXGroup section */

/* Begin PBXNativeTarget section */
		7E857032DAFCB07F7293480A /* L4_Lysakov */ = {
			isa = PBXNativeTarget;
			buildConfigurationList = 7E857518D3A6728E8DAD135F /* Build configuration list for PBXNativeTarget "L4_Lysakov" */;
			buildPhases = (
				7E857F3197926E63F25E5C13 /* Sources */,
				7E8576F057995B77988A03D6 /* Frameworks */,
				7E85754CC4D41725B37F11F2 /* CopyFiles */,
			);
			buildRules = (
			);
			dependencies = (
			);
			name = L4_Lysakov;
			productName = L4_Lysakov;
			productReference = 7E8573A581F7187233B731FE /* L4_Lysakov */;
			productType = "com.apple.product-type.tool";
		};
/* End PBXNativeTarget section */

/* Begin PBXProject section */
		7E85740AD5F96EFBC416BD48 /* Project object */ = {
			isa = PBXProject;
			attributes = {
				ORGANIZATIONNAME = "Slava V. Lysakov";
			};
			buildConfigurationList = 7E8572962A6EF7757B4C7B8A /* Build configuration list for PBXProject "L4_Lysakov" */;
			compatibilityVersion = "Xcode 3.2";
			developmentRegion = English;
			hasScannedForEncodings = 0;
			knownRegions = (
				en,
			);
			mainGroup = 7E857235832C81D6A3B557EB;
			productRefGroup = 7E857E22D3C495093DAA79DA /* Products */;
			projectDirPath = "";
			projectRoot = "";
			targets = (
				7E857032DAFCB07F7293480A /* L4_Lysakov */,
			);
		};
/* End PBXProject section */

/* Begin PBXSourcesBuildPhase section */
		7E857F3197926E63F25E5C13 /* Sources */ = {
			isa = PBXSourcesBuildPhase;
			buildActionMask = 2147483647;
			files = (
				7E857D45819D2732D557AB3F /* main.swift in Sources */,
				7E857CFCB6EBCF84283A48E3 /* baseCar.swift in Sources */,
				7E8578CDACD5F53D1E67036F /* Car.swift in Sources */,
				7E8576E52BC43902B1EAF858 /* SportCar.swift in Sources */,
				7E8571805311DAD613B9097A /* truckCar.swift in Sources */,
				7E857492F81FFB98BE50942A /* properties.swift in Sources */,
			);
			runOnlyForDeploymentPostprocessing = 0;
		};
/* End PBXSourcesBuildPhase section */

/* Begin XCBuildConfiguration section */
		7E85704EA6B8BB7C3DE6E5F4 /* Release */ = {
			isa = XCBuildConfiguration;
			buildSettings = {
				PRODUCT_NAME = "$(TARGET_NAME)";
				SWIFT_VERSION = 5.0;
				USER_HEADER_SEARCH_PATHS = "\"${PROJECT_DIR}/\"/**";
			};
			name = Release;
		};
		7E8573D5AB5995E6C1DFB288 /* Release */ = {
			isa = XCBuildConfiguration;
			buildSettings = {
				ALWAYS_SEARCH_USER_PATHS = NO;
				CLANG_ANALYZER_NONNULL = YES;
				CLANG_ANALYZER_NUMBER_OBJECT_CONVERSION = YES_AGGRESSIVE;
				CLANG_CXX_LANGUAGE_STANDARD = "gnu++14";
				CLANG_CXX_LIBRARY = "libc++";
				CLANG_ENABLE_MODULES = YES;
				CLANG_ENABLE_OBJC_ARC = YES;
				CLANG_ENABLE_OBJC_WEAK = YES;
				CLANG_WARN_BLOCK_CAPTURE_AUTORELEASING = YES;
				CLANG_WARN_BOOL_CONVERSION = YES;
				CLANG_WARN_COMMA = YES;
				CLANG_WARN_CONSTANT_CONVERSION = YES;
				CLANG_WARN_DEPRECATED_OBJC_IMPLEMENTATIONS = YES;
				CLANG_WARN_DIRECT_OBJC_ISA_USAGE = YES_ERROR;
				CLANG_WARN_DOCUMENTATION_COMMENTS = YES;
				CLANG_WARN_EMPTY_BODY = YES;
				CLANG_WARN_ENUM_CONVERSION = YES;
				CLANG_WARN_INFINITE_RECURSION = YES;
				CLANG_WARN_INT_CONVERSION = YES;
				CLANG_WARN_NON_LITERAL_NULL_CONVERSION = YES;
				CLANG_WARN_OBJC_IMPLICIT_RETAIN_SELF = YES;
				CLANG_WARN_OBJC_LITERAL_CONVERSION = YES;
				CLANG_WARN_OBJC_ROOT_CLASS = YES_ERROR;
				CLANG_WARN_RANGE_LOOP_ANALYSIS = YES;
				CLANG_WARN_STRICT_PROTOTYPES = YES;
				CLANG_WARN_SUSPICIOUS_MOVE = YES;
				CLANG_WARN_UNGUARDED_AVAILABILITY = YES_AGGRESSIVE;
				CLANG_WARN_UNREACHABLE_CODE = YES;
				CLANG_WARN__DUPLICATE_METHOD_MATCH = YES;
				COPY_PHASE_STRIP = NO;
				DEBUG_INFORMATION_FORMAT = "dwarf-with-dsym";
				ENABLE_NS_ASSERTIONS = NO;
				ENABLE_STRICT_OBJC_MSGSEND = YES;
				GCC_C_LANGUAGE_STANDARD = gnu11;
				GCC_NO_COMMON_BLOCKS = YES;
				GCC_WARN_64_TO_32_BIT_CONVERSION = YES;
				GCC_WARN_ABOUT_RETURN_TYPE = YES_ERROR;
				GCC_WARN_UNDECLARED_SELECTOR = YES;
				GCC_WARN_UNINITIALIZED_AUTOS = YES_AGGRESSIVE;
				GCC_WARN_UNUSED_FUNCTION = YES;
				GCC_WARN_UNUSED_VARIABLE = YES;
				MACOSX_DEPLOYMENT_TARGET = 10.15;
				MTL_ENABLE_DEBUG_INFO = NO;
				MTL_FAST_MATH = YES;
				SDKROOT = macosx;
				SWIFT_COMPILATION_MODE = wholemodule;
				SWIFT_OPTIMIZATION_LEVEL = "-O";
			};
			name = Release;
		};
		7E85764C65305B29E0CEBEA0 /* Debug */ = {
			isa = XCBuildConfiguration;
			buildSettings = {
				ALWAYS_SEARCH_USER_PATHS = NO;
				CLANG_ANALYZER_NONNULL = YES;
				CLANG_ANALYZER_NUMBER_OBJECT_CONVERSION = YES_AGGRESSIVE;
				CLANG_CXX_LANGUAGE_STANDARD = "gnu++14";
				CLANG_CXX_LIBRARY = "libc++";
				CLANG_ENABLE_MODULES = YES;
				CLANG_ENABLE_OBJC_ARC = YES;
				CLANG_ENABLE_OBJC_WEAK = YES;
				CLANG_WARN_BLOCK_CAPTURE_AUTORELEASING = YES;
				CLANG_WARN_BOOL_CONVERSION = YES;
				CLANG_WARN_COMMA = YES;
				CLANG_WARN_CONSTANT_CONVERSION = YES;
				CLANG_WARN_DEPRECATED_OBJC_IMPLEMENTATIONS = YES;
				CLANG_WARN_DIRECT_OBJC_ISA_USAGE = YES_ERROR;
				CLANG_WARN_DOCUMENTATION_COMMENTS = YES;
				CLANG_WARN_EMPTY_BODY = YES;
				CLANG_WARN_ENUM_CONVERSION = YES;
				CLANG_WARN_INFINITE_RECURSION = YES;
				CLANG_WARN_INT_CONVERSION = YES;
				CLANG_WARN_NON_LITERAL_NULL_CONVERSION = YES;
				CLANG_WARN_OBJC_IMPLICIT_RETAIN_SELF = YES;
				CLANG_WARN_OBJC_LITERAL_CONVERSION = YES;
				CLANG_WARN_OBJC_ROOT_CLASS = YES_ERROR;
				CLANG_WARN_RANGE_LOOP_ANALYSIS = YES;
				CLANG_WARN_STRICT_PROTOTYPES = YES;
				CLANG_WARN_SUSPICIOUS_MOVE = YES;
				CLANG_WARN_UNGUARDED_AVAILABILITY = YES_AGGRESSIVE;
				CLANG_WARN_UNREACHABLE_CODE = YES;
				CLANG_WARN__DUPLICATE_METHOD_MATCH = YES;
				COPY_PHASE_STRIP = NO;
				DEBUG_INFORMATION_FORMAT = dwarf;
				ENABLE_STRICT_OBJC_MSGSEND = YES;
				ENABLE_TESTABILITY = YES;
				GCC_C_LANGUAGE_STANDARD = gnu11;
				GCC_DYNAMIC_NO_PIC = NO;
				GCC_NO_COMMON_BLOCKS = YES;
				GCC_OPTIMIZATION_LEVEL = 0;
				GCC_PREPROCESSOR_DEFINITIONS = (
					"DEBUG=1",
					"$(inherited)",
				);
				GCC_WARN_64_TO_32_BIT_CONVERSION = YES;
				GCC_WARN_ABOUT_RETURN_TYPE = YES_ERROR;
				GCC_WARN_UNDECLARED_SELECTOR = YES;
				GCC_WARN_UNINITIALIZED_AUTOS = YES_AGGRESSIVE;
				GCC_WARN_UNUSED_FUNCTION = YES;
				GCC_WARN_UNUSED_VARIABLE = YES;
				MACOSX_DEPLOYMENT_TARGET = 10.15;
				MTL_ENABLE_DEBUG_INFO = INCLUDE_SOURCE;
				MTL_FAST_MATH = YES;
				ONLY_ACTIVE_ARCH = YES;
				SDKROOT = macosx;
				SWIFT_ACTIVE_COMPILATION_CONDITIONS = DEBUG;
				SWIFT_OPTIMIZATION_LEVEL = "-Onone";
			};
			name = Debug;
		};
		7E857A50DF97B4AA480C55F9 /* Debug */ = {
			isa = XCBuildConfiguration;
			buildSettings = {
				PRODUCT_NAME = "$(TARGET_NAME)";
				SWIFT_VERSION = 5.0;
				USER_HEADER_SEARCH_PATHS = "\"${PROJECT_DIR}/\"/**";
			};
			name = Debug;
		};
/* End XCBuildConfiguration section */

/* Begin XCConfigurationList section */
		7E8572962A6EF7757B4C7B8A /* Build configuration list for PBXProject "L4_Lysakov" */ = {
			isa = XCConfigurationList;
			buildConfigurations = (
				7E85764C65305B29E0CEBEA0 /* Debug */,
				7E8573D5AB5995E6C1DFB288 /* Release */,
			);
			defaultConfigurationIsVisible = 0;
			defaultConfigurationName = Release;
		};
		7E857518D3A6728E8DAD135F /* Build configuration list for PBXNativeTarget "L4_Lysakov" */ = {
			isa = XCConfigurationList;
			buildConfigurations = (
				7E857A50DF97B4AA480C55F9 /* Debug */,
				7E85704EA6B8BB7C3DE6E5F4 /* Release */,
			);
			defaultConfigurationIsVisible = 0;
		};
/* End XCConfigurationList section */
	};
	rootObject = 7E85740AD5F96EFBC416BD48 /* Project object */;
}
